# THIS IS AN AUTOGENERATED FILE. DO NOT EDIT THIS FILE DIRECTLY.
# yarn lockfile v1


radash@^9.5.0:
  version "9.5.0"
  resolved "https://registry.yarnpkg.com/radash/-/radash-9.5.0.tgz#d1c26bc0eb8db3c0e97aff52e79a194ca59a094d"
  integrity sha512-t0s8BJlvrk8YPaOS8X0J2xzqAsBlXAUkDEjoBXwlzaXsXNCpBILjT9OvWlabLa2KB/r4XrhThdXjxMs7SiCyIw==
